github.com/Arsaide/protos v0.0.0-20250316211418-edad1211dc13 h1:apK+UVUdO7ypgrxpY4t3EBGUmFNLgeqAnh6t3AzUuxA=
github.com/Arsaide/protos v0.0.0-20250316211418-edad1211dc13/go.mod h1:o7xw0j9ZxU/tFvJG9xNEEstDPtsce0VpqPsVGlFsVAQ=
github.com/Arsaide/protos v0.0.1 h1:lgtzSIPXyR4WdakYwUdn9bhQawYJud8KeSHEtOCSjzg=
github.com/Arsaide/protos v0.0.1/go.mod h1:o7xw0j9ZxU/tFvJG9xNEEstDPtsce0VpqPsVGlFsVAQ=
